
Microsoft Visual Studio Solution File, Format Version 12.00
Project("{FAE04EC0-301F-11D3-BF4B-00C04F79EFBC}") = "PredicateExpressionBuilder", "PredicateExpressionBuilder\PredicateExpressionBuilder.csproj", "{ADBB5D22-3EB3-4D58-B6ED-D63D43058359}"
EndProject
Project("{FAE04EC0-301F-11D3-BF4B-00C04F79EFBC}") = "PredicateExpressionBuilder.Tests.Unit", "PredicateExpressionBuilder.Tests.Unit\PredicateExpressionBuilder.Tests.Unit.csproj", "{A34C551D-9171-4531-A4CF-FE15B75C960D}"
EndProject
Global
	GlobalSection(SolutionConfigurationPlatforms) = preSolution
		Debug|Any CPU = Debug|Any CPU
		Release|Any CPU = Release|Any CPU
	EndGlobalSection
	GlobalSection(ProjectConfigurationPlatforms) = postSolution
		{ADBB5D22-3EB3-4D58-B6ED-D63D43058359}.Debug|Any CPU.ActiveCfg = Debug|Any CPU
		{ADBB5D22-3EB3-4D58-B6ED-D63D43058359}.Debug|Any CPU.Build.0 = Debug|Any CPU
		{ADBB5D22-3EB3-4D58-B6ED-D63D43058359}.Release|Any CPU.ActiveCfg = Release|Any CPU
		{ADBB5D22-3EB3-4D58-B6ED-D63D43058359}.Release|Any CPU.Build.0 = Release|Any CPU
		{A34C551D-9171-4531-A4CF-FE15B75C960D}.Debug|Any CPU.ActiveCfg = Debug|Any CPU
		{A34C551D-9171-4531-A4CF-FE15B75C960D}.Debug|Any CPU.Build.0 = Debug|Any CPU
		{A34C551D-9171-4531-A4CF-FE15B75C960D}.Release|Any CPU.ActiveCfg = Release|Any CPU
		{A34C551D-9171-4531-A4CF-FE15B75C960D}.Release|Any CPU.Build.0 = Release|Any CPU
	EndGlobalSection
EndGlobal
